
Microsoft Visual Studio Solution File, Format Version 12.00
# Visual Studio 15
VisualStudioVersion = 15.0.28307.329
MinimumVisualStudioVersion = 10.0.40219.1
Project("{FAE04EC0-301F-11D3-BF4B-00C04F79EFBC}") = "EnumDrill", "EnumDrill\EnumDrill.csproj", "{DC18742A-A109-4A32-BD88-D82A4BFCE75F}"
EndProject
Global
	GlobalSection(SolutionConfigurationPlatforms) = preSolution
		Debug|Any CPU = Debug|Any CPU
		Release|Any CPU = Release|Any CPU
	EndGlobalSection
	GlobalSection(ProjectConfigurationPlatforms) = postSolution
		{DC18742A-A109-4A32-BD88-D82A4BFCE75F}.Debug|Any CPU.ActiveCfg = Debug|Any CPU
		{DC18742A-A109-4A32-BD88-D82A4BFCE75F}.Debug|Any CPU.Build.0 = Debug|Any CPU
		{DC18742A-A109-4A32-BD88-D82A4BFCE75F}.Release|Any CPU.ActiveCfg = Release|Any CPU
		{DC18742A-A109-4A32-BD88-D82A4BFCE75F}.Release|Any CPU.Build.0 = Release|Any CPU
	EndGlobalSection
	GlobalSection(SolutionProperties) = preSolution
		HideSolutionNode = FALSE
	EndGlobalSection
	GlobalSection(ExtensibilityGlobals) = postSolution
		SolutionGuid = {6D7D23E0-E71C-462A-A1CF-7E5977959FF8}
	EndGlobalSection
EndGlobal
