
Microsoft Visual Studio Solution File, Format Version 12.00
# Visual Studio 15
VisualStudioVersion = 15.0.28307.329
MinimumVisualStudioVersion = 10.0.40219.1
Project("{FAE04EC0-301F-11D3-BF4B-00C04F79EFBC}") = "MathMethod2", "MathMethod2\MathMethod2.csproj", "{E1E534F0-DE20-4CF4-A6C6-5D3AC5E9077F}"
EndProject
Global
	GlobalSection(SolutionConfigurationPlatforms) = preSolution
		Debug|Any CPU = Debug|Any CPU
		Release|Any CPU = Release|Any CPU
	EndGlobalSection
	GlobalSection(ProjectConfigurationPlatforms) = postSolution
		{E1E534F0-DE20-4CF4-A6C6-5D3AC5E9077F}.Debug|Any CPU.ActiveCfg = Debug|Any CPU
		{E1E534F0-DE20-4CF4-A6C6-5D3AC5E9077F}.Debug|Any CPU.Build.0 = Debug|Any CPU
		{E1E534F0-DE20-4CF4-A6C6-5D3AC5E9077F}.Release|Any CPU.ActiveCfg = Release|Any CPU
		{E1E534F0-DE20-4CF4-A6C6-5D3AC5E9077F}.Release|Any CPU.Build.0 = Release|Any CPU
	EndGlobalSection
	GlobalSection(SolutionProperties) = preSolution
		HideSolutionNode = FALSE
	EndGlobalSection
	GlobalSection(ExtensibilityGlobals) = postSolution
		SolutionGuid = {7334671A-0A8F-430D-92FD-233E9697EF7E}
	EndGlobalSection
EndGlobal
