
Microsoft Visual Studio Solution File, Format Version 12.00
# Visual Studio 15
VisualStudioVersion = 15.0.28307.329
MinimumVisualStudioVersion = 10.0.40219.1
Project("{FAE04EC0-301F-11D3-BF4B-00C04F79EFBC}") = "AdditionalFeaturesDrill", "AdditionalFeaturesDrill\AdditionalFeaturesDrill.csproj", "{043BF817-4705-46C5-BF07-F25B3CCFF186}"
EndProject
Global
	GlobalSection(SolutionConfigurationPlatforms) = preSolution
		Debug|Any CPU = Debug|Any CPU
		Release|Any CPU = Release|Any CPU
	EndGlobalSection
	GlobalSection(ProjectConfigurationPlatforms) = postSolution
		{043BF817-4705-46C5-BF07-F25B3CCFF186}.Debug|Any CPU.ActiveCfg = Debug|Any CPU
		{043BF817-4705-46C5-BF07-F25B3CCFF186}.Debug|Any CPU.Build.0 = Debug|Any CPU
		{043BF817-4705-46C5-BF07-F25B3CCFF186}.Release|Any CPU.ActiveCfg = Release|Any CPU
		{043BF817-4705-46C5-BF07-F25B3CCFF186}.Release|Any CPU.Build.0 = Release|Any CPU
	EndGlobalSection
	GlobalSection(SolutionProperties) = preSolution
		HideSolutionNode = FALSE
	EndGlobalSection
	GlobalSection(ExtensibilityGlobals) = postSolution
		SolutionGuid = {E83B1091-2BFD-41B2-B63A-573B11A49582}
	EndGlobalSection
EndGlobal
