
Microsoft Visual Studio Solution File, Format Version 12.00
# Visual Studio 15
VisualStudioVersion = 15.0.28307.329
MinimumVisualStudioVersion = 10.0.40219.1
Project("{FAE04EC0-301F-11D3-BF4B-00C04F79EFBC}") = "TryCatchDrill", "TryCatchDrill\TryCatchDrill.csproj", "{4E8DF584-E5DE-4D2C-AA3C-1E8E2467F308}"
EndProject
Global
	GlobalSection(SolutionConfigurationPlatforms) = preSolution
		Debug|Any CPU = Debug|Any CPU
		Release|Any CPU = Release|Any CPU
	EndGlobalSection
	GlobalSection(ProjectConfigurationPlatforms) = postSolution
		{4E8DF584-E5DE-4D2C-AA3C-1E8E2467F308}.Debug|Any CPU.ActiveCfg = Debug|Any CPU
		{4E8DF584-E5DE-4D2C-AA3C-1E8E2467F308}.Debug|Any CPU.Build.0 = Debug|Any CPU
		{4E8DF584-E5DE-4D2C-AA3C-1E8E2467F308}.Release|Any CPU.ActiveCfg = Release|Any CPU
		{4E8DF584-E5DE-4D2C-AA3C-1E8E2467F308}.Release|Any CPU.Build.0 = Release|Any CPU
	EndGlobalSection
	GlobalSection(SolutionProperties) = preSolution
		HideSolutionNode = FALSE
	EndGlobalSection
	GlobalSection(ExtensibilityGlobals) = postSolution
		SolutionGuid = {F033A85F-F851-4A1B-9975-FBA5A0AC1CDD}
	EndGlobalSection
EndGlobal
