
Microsoft Visual Studio Solution File, Format Version 12.00
# Visual Studio 15
VisualStudioVersion = 15.0.28307.329
MinimumVisualStudioVersion = 10.0.40219.1
Project("{FAE04EC0-301F-11D3-BF4B-00C04F79EFBC}") = "NewsletterApp", "NewsletterApp\NewsletterApp.csproj", "{7D511A1B-5003-4DFC-9604-6CB7FB001B06}"
EndProject
Global
	GlobalSection(SolutionConfigurationPlatforms) = preSolution
		Debug|Any CPU = Debug|Any CPU
		Release|Any CPU = Release|Any CPU
	EndGlobalSection
	GlobalSection(ProjectConfigurationPlatforms) = postSolution
		{7D511A1B-5003-4DFC-9604-6CB7FB001B06}.Debug|Any CPU.ActiveCfg = Debug|Any CPU
		{7D511A1B-5003-4DFC-9604-6CB7FB001B06}.Debug|Any CPU.Build.0 = Debug|Any CPU
		{7D511A1B-5003-4DFC-9604-6CB7FB001B06}.Release|Any CPU.ActiveCfg = Release|Any CPU
		{7D511A1B-5003-4DFC-9604-6CB7FB001B06}.Release|Any CPU.Build.0 = Release|Any CPU
	EndGlobalSection
	GlobalSection(SolutionProperties) = preSolution
		HideSolutionNode = FALSE
	EndGlobalSection
	GlobalSection(ExtensibilityGlobals) = postSolution
		SolutionGuid = {E1F1E1F0-DB2B-4A1B-8FC1-C76315C45DC4}
	EndGlobalSection
EndGlobal
